
Microsoft Visual Studio Solution File, Format Version 12.00
# Visual Studio Version 17
VisualStudioVersion = 17.13.35919.96 d17.13
MinimumVisualStudioVersion = 10.0.40219.1
Project("{888888A0-9F3D-457C-B088-3A5042F75D52}") = "Fuji_Assignment10", "Fuji_Assignment10.pyproj", "{300729AD-1A15-4F95-A24A-443D56772606}"
EndProject
Global
	GlobalSection(SolutionConfigurationPlatforms) = preSolution
		Debug|Any CPU = Debug|Any CPU
		Release|Any CPU = Release|Any CPU
	EndGlobalSection
	GlobalSection(ProjectConfigurationPlatforms) = postSolution
		{300729AD-1A15-4F95-A24A-443D56772606}.Debug|Any CPU.ActiveCfg = Debug|Any CPU
		{300729AD-1A15-4F95-A24A-443D56772606}.Release|Any CPU.ActiveCfg = Release|Any CPU
	EndGlobalSection
	GlobalSection(SolutionProperties) = preSolution
		HideSolutionNode = FALSE
	EndGlobalSection
	GlobalSection(ExtensibilityGlobals) = postSolution
		SolutionGuid = {317C78DD-DFFC-40D8-A56E-6B4FE57B2289}
	EndGlobalSection
EndGlobal
